
Microsoft Visual Studio Solution File, Format Version 12.00
# Visual Studio Version 16
VisualStudioVersion = 16.0.29911.84
MinimumVisualStudioVersion = 10.0.40219.1
Project("{FAE04EC0-301F-11D3-BF4B-00C04F79EFBC}") = "Tsirk", "Tsirk\Tsirk.csproj", "{2B818D7E-DB3A-4DFC-9C2C-45F721592D2E}"
EndProject
Global
	GlobalSection(SolutionConfigurationPlatforms) = preSolution
		Debug|Any CPU = Debug|Any CPU
		Release|Any CPU = Release|Any CPU
	EndGlobalSection
	GlobalSection(ProjectConfigurationPlatforms) = postSolution
		{2B818D7E-DB3A-4DFC-9C2C-45F721592D2E}.Debug|Any CPU.ActiveCfg = Debug|Any CPU
		{2B818D7E-DB3A-4DFC-9C2C-45F721592D2E}.Debug|Any CPU.Build.0 = Debug|Any CPU
		{2B818D7E-DB3A-4DFC-9C2C-45F721592D2E}.Release|Any CPU.ActiveCfg = Release|Any CPU
		{2B818D7E-DB3A-4DFC-9C2C-45F721592D2E}.Release|Any CPU.Build.0 = Release|Any CPU
	EndGlobalSection
	GlobalSection(SolutionProperties) = preSolution
		HideSolutionNode = FALSE
	EndGlobalSection
	GlobalSection(ExtensibilityGlobals) = postSolution
		SolutionGuid = {B41A4E83-1771-4CDC-A41F-C02DF15C71C0}
	EndGlobalSection
EndGlobal
